
Microsoft Visual Studio Solution File, Format Version 12.00
# Visual Studio Version 16
VisualStudioVersion = 16.0.31729.503
MinimumVisualStudioVersion = 10.0.40219.1
Project("{8BC9CEB8-8B4A-11D0-8D11-00A0C91BC942}") = "Reduce", "Reduce.vcxproj", "{03786174-9EF1-4E87-A689-8557FE28576C}"
EndProject
Project("{8BC9CEB8-8B4A-11D0-8D11-00A0C91BC942}") = "class string1", "..\class string1\class string1.vcxproj", "{F6D79C95-2602-4700-ADE3-271514F23014}"
EndProject
Project("{8BC9CEB8-8B4A-11D0-8D11-00A0C91BC942}") = "Binary", "..\Binary\Binary.vcxproj", "{30F9D410-DD26-48EC-A6BD-40475C317805}"
EndProject
Project("{8BC9CEB8-8B4A-11D0-8D11-00A0C91BC942}") = "Academy", "..\Academy\Academy.vcxproj", "{701EFB1D-2B71-448D-A627-99C429593E48}"
EndProject
Project("{8BC9CEB8-8B4A-11D0-8D11-00A0C91BC942}") = "File", "..\Fail\Fail.vcxproj", "{70C3FA43-1D63-443E-88B6-BCB78F1E1156}"
EndProject
Project("{8BC9CEB8-8B4A-11D0-8D11-00A0C91BC942}") = "Department", "..\Department\Department.vcxproj", "{7093F2E2-3BD9-4CC9-9432-0E983B68E7CF}"
EndProject
Global
	GlobalSection(SolutionConfigurationPlatforms) = preSolution
		Debug|x64 = Debug|x64
		Debug|x86 = Debug|x86
		Release|x64 = Release|x64
		Release|x86 = Release|x86
	EndGlobalSection
	GlobalSection(ProjectConfigurationPlatforms) = postSolution
		{03786174-9EF1-4E87-A689-8557FE28576C}.Debug|x64.ActiveCfg = Debug|x64
		{03786174-9EF1-4E87-A689-8557FE28576C}.Debug|x64.Build.0 = Debug|x64
		{03786174-9EF1-4E87-A689-8557FE28576C}.Debug|x86.ActiveCfg = Debug|Win32
		{03786174-9EF1-4E87-A689-8557FE28576C}.Debug|x86.Build.0 = Debug|Win32
		{03786174-9EF1-4E87-A689-8557FE28576C}.Release|x64.ActiveCfg = Release|x64
		{03786174-9EF1-4E87-A689-8557FE28576C}.Release|x64.Build.0 = Release|x64
		{03786174-9EF1-4E87-A689-8557FE28576C}.Release|x86.ActiveCfg = Release|Win32
		{03786174-9EF1-4E87-A689-8557FE28576C}.Release|x86.Build.0 = Release|Win32
		{F6D79C95-2602-4700-ADE3-271514F23014}.Debug|x64.ActiveCfg = Debug|x64
		{F6D79C95-2602-4700-ADE3-271514F23014}.Debug|x64.Build.0 = Debug|x64
		{F6D79C95-2602-4700-ADE3-271514F23014}.Debug|x86.ActiveCfg = Debug|Win32
		{F6D79C95-2602-4700-ADE3-271514F23014}.Debug|x86.Build.0 = Debug|Win32
		{F6D79C95-2602-4700-ADE3-271514F23014}.Release|x64.ActiveCfg = Release|x64
		{F6D79C95-2602-4700-ADE3-271514F23014}.Release|x64.Build.0 = Release|x64
		{F6D79C95-2602-4700-ADE3-271514F23014}.Release|x86.ActiveCfg = Release|Win32
		{F6D79C95-2602-4700-ADE3-271514F23014}.Release|x86.Build.0 = Release|Win32
		{30F9D410-DD26-48EC-A6BD-40475C317805}.Debug|x64.ActiveCfg = Debug|x64
		{30F9D410-DD26-48EC-A6BD-40475C317805}.Debug|x64.Build.0 = Debug|x64
		{30F9D410-DD26-48EC-A6BD-40475C317805}.Debug|x86.ActiveCfg = Debug|Win32
		{30F9D410-DD26-48EC-A6BD-40475C317805}.Debug|x86.Build.0 = Debug|Win32
		{30F9D410-DD26-48EC-A6BD-40475C317805}.Release|x64.ActiveCfg = Release|x64
		{30F9D410-DD26-48EC-A6BD-40475C317805}.Release|x64.Build.0 = Release|x64
		{30F9D410-DD26-48EC-A6BD-40475C317805}.Release|x86.ActiveCfg = Release|Win32
		{30F9D410-DD26-48EC-A6BD-40475C317805}.Release|x86.Build.0 = Release|Win32
		{701EFB1D-2B71-448D-A627-99C429593E48}.Debug|x64.ActiveCfg = Debug|x64
		{701EFB1D-2B71-448D-A627-99C429593E48}.Debug|x64.Build.0 = Debug|x64
		{701EFB1D-2B71-448D-A627-99C429593E48}.Debug|x86.ActiveCfg = Debug|Win32
		{701EFB1D-2B71-448D-A627-99C429593E48}.Debug|x86.Build.0 = Debug|Win32
		{701EFB1D-2B71-448D-A627-99C429593E48}.Release|x64.ActiveCfg = Release|x64
		{701EFB1D-2B71-448D-A627-99C429593E48}.Release|x64.Build.0 = Release|x64
		{701EFB1D-2B71-448D-A627-99C429593E48}.Release|x86.ActiveCfg = Release|Win32
		{701EFB1D-2B71-448D-A627-99C429593E48}.Release|x86.Build.0 = Release|Win32
		{70C3FA43-1D63-443E-88B6-BCB78F1E1156}.Debug|x64.ActiveCfg = Debug|x64
		{70C3FA43-1D63-443E-88B6-BCB78F1E1156}.Debug|x64.Build.0 = Debug|x64
		{70C3FA43-1D63-443E-88B6-BCB78F1E1156}.Debug|x86.ActiveCfg = Debug|Win32
		{70C3FA43-1D63-443E-88B6-BCB78F1E1156}.Debug|x86.Build.0 = Debug|Win32
		{70C3FA43-1D63-443E-88B6-BCB78F1E1156}.Release|x64.ActiveCfg = Release|x64
		{70C3FA43-1D63-443E-88B6-BCB78F1E1156}.Release|x64.Build.0 = Release|x64
		{70C3FA43-1D63-443E-88B6-BCB78F1E1156}.Release|x86.ActiveCfg = Release|Win32
		{70C3FA43-1D63-443E-88B6-BCB78F1E1156}.Release|x86.Build.0 = Release|Win32
		{7093F2E2-3BD9-4CC9-9432-0E983B68E7CF}.Debug|x64.ActiveCfg = Debug|x64
		{7093F2E2-3BD9-4CC9-9432-0E983B68E7CF}.Debug|x64.Build.0 = Debug|x64
		{7093F2E2-3BD9-4CC9-9432-0E983B68E7CF}.Debug|x86.ActiveCfg = Debug|Win32
		{7093F2E2-3BD9-4CC9-9432-0E983B68E7CF}.Debug|x86.Build.0 = Debug|Win32
		{7093F2E2-3BD9-4CC9-9432-0E983B68E7CF}.Release|x64.ActiveCfg = Release|x64
		{7093F2E2-3BD9-4CC9-9432-0E983B68E7CF}.Release|x64.Build.0 = Release|x64
		{7093F2E2-3BD9-4CC9-9432-0E983B68E7CF}.Release|x86.ActiveCfg = Release|Win32
		{7093F2E2-3BD9-4CC9-9432-0E983B68E7CF}.Release|x86.Build.0 = Release|Win32
	EndGlobalSection
	GlobalSection(SolutionProperties) = preSolution
		HideSolutionNode = FALSE
	EndGlobalSection
	GlobalSection(ExtensibilityGlobals) = postSolution
		SolutionGuid = {1EB7860A-76F1-49C3-B36E-B928F2B63FE7}
	EndGlobalSection
EndGlobal
